
Microsoft Visual Studio Solution File, Format Version 12.00
# Visual Studio Version 17
VisualStudioVersion = 17.7.34009.444
MinimumVisualStudioVersion = 10.0.40219.1
Project("{FAE04EC0-301F-11D3-BF4B-00C04F79EFBC}") = "Easy_German_Exam", "Easy_German_Exam\Easy_German_Exam.csproj", "{4DB2CD79-54EB-4807-BB0C-040E290D2BF6}"
EndProject
Global
	GlobalSection(SolutionConfigurationPlatforms) = preSolution
		Debug|Any CPU = Debug|Any CPU
		Release|Any CPU = Release|Any CPU
	EndGlobalSection
	GlobalSection(ProjectConfigurationPlatforms) = postSolution
		{4DB2CD79-54EB-4807-BB0C-040E290D2BF6}.Debug|Any CPU.ActiveCfg = Debug|Any CPU
		{4DB2CD79-54EB-4807-BB0C-040E290D2BF6}.Debug|Any CPU.Build.0 = Debug|Any CPU
		{4DB2CD79-54EB-4807-BB0C-040E290D2BF6}.Release|Any CPU.ActiveCfg = Release|Any CPU
		{4DB2CD79-54EB-4807-BB0C-040E290D2BF6}.Release|Any CPU.Build.0 = Release|Any CPU
	EndGlobalSection
	GlobalSection(SolutionProperties) = preSolution
		HideSolutionNode = FALSE
	EndGlobalSection
	GlobalSection(ExtensibilityGlobals) = postSolution
		SolutionGuid = {B4834C0E-7549-4F71-85CE-6C4422CA72D4}
	EndGlobalSection
EndGlobal
